// !$*UTF8*$!
{
	archiveVersion = 1;
	classes = {
	};
	objectVersion = 46;
	objects = {

/* Begin PBXBuildFile section */
		27CB04DC16CC4B420040C9F8 /* UIKit.framework in Frameworks */ = {isa = PBXBuildFile; fileRef = 27CB04DB16CC4B420040C9F8 /* UIKit.framework */; };
		27CB04DE16CC4B420040C9F8 /* Foundation.framework in Frameworks */ = {isa = PBXBuildFile; fileRef = 27CB04DD16CC4B420040C9F8 /* Foundation.framework */; };
		27CB04E616CC4B420040C9F8 /* InfoPlist.strings in Resources */ = {isa = PBXBuildFile; fileRef = 27CB04E416CC4B420040C9F8 /* InfoPlist.strings */; };
		27CB04E816CC4B420040C9F8 /* main.m in Sources */ = {isa = PBXBuildFile; fileRef = 27CB04E716CC4B420040C9F8 /* main.m */; };
		27CB04EC16CC4B420040C9F8 /* AppDelegate.m in Sources */ = {isa = PBXBuildFile; fileRef = 27CB04EB16CC4B420040C9F8 /* AppDelegate.m */; };
		27CB04EE16CC4B420040C9F8 /* Default.png in Resources */ = {isa = PBXBuildFile; fileRef = 27CB04ED16CC4B420040C9F8 /* Default.png */; };
		27CB04F016CC4B420040C9F8 /* Default@2x.png in Resources */ = {isa = PBXBuildFile; fileRef = 27CB04EF16CC4B420040C9F8 /* Default@2x.png */; };
		27CB04F216CC4B420040C9F8 /* Default-568h@2x.png in Resources */ = {isa = PBXBuildFile; fileRef = 27CB04F116CC4B420040C9F8 /* Default-568h@2x.png */; };
		27CB04F516CC4B420040C9F8 /* ChatListController.m in Sources */ = {isa = PBXBuildFile; fileRef = 27CB04F416CC4B420040C9F8 /* ChatListController.m */; };
		27CB04F816CC4B420040C9F8 /* ChatController.m in Sources */ = {isa = PBXBuildFile; fileRef = 27CB04F716CC4B420040C9F8 /* ChatController.m */; };
		27CB04FB16CC4B420040C9F8 /* ChatListController_iPhone.xib in Resources */ = {isa = PBXBuildFile; fileRef = 27CB04F916CC4B420040C9F8 /* ChatListController_iPhone.xib */; };
		27CB04FE16CC4B420040C9F8 /* ChatListController_iPad.xib in Resources */ = {isa = PBXBuildFile; fileRef = 27CB04FC16CC4B420040C9F8 /* ChatListController_iPad.xib */; };
		27CB050116CC4B420040C9F8 /* ChatController_iPhone.xib in Resources */ = {isa = PBXBuildFile; fileRef = 27CB04FF16CC4B420040C9F8 /* ChatController_iPhone.xib */; };
		27CB050416CC4B420040C9F8 /* ChatController_iPad.xib in Resources */ = {isa = PBXBuildFile; fileRef = 27CB050216CC4B420040C9F8 /* ChatController_iPad.xib */; };
		27CB051016CC4C8B0040C9F8 /* ChatStore.m in Sources */ = {isa = PBXBuildFile; fileRef = 27CB050D16CC4C8B0040C9F8 /* ChatStore.m */; };
		27CB051116CC4C8B0040C9F8 /* ChatRoom.m in Sources */ = {isa = PBXBuildFile; fileRef = 27CB050F16CC4C8B0040C9F8 /* ChatRoom.m */; };
		27CB051416CC4E400040C9F8 /* CFNetwork.framework in Frameworks */ = {isa = PBXBuildFile; fileRef = 27CB051316CC4E400040C9F8 /* CFNetwork.framework */; };
		27CB051616CC4E460040C9F8 /* Security.framework in Frameworks */ = {isa = PBXBuildFile; fileRef = 27CB051516CC4E460040C9F8 /* Security.framework */; };
		27CB051816CC4E4C0040C9F8 /* libz.dylib in Frameworks */ = {isa = PBXBuildFile; fileRef = 27CB051716CC4E4C0040C9F8 /* libz.dylib */; };
		27CB051A16CC4E560040C9F8 /* SystemConfiguration.framework in Frameworks */ = {isa = PBXBuildFile; fileRef = 27CB051916CC4E560040C9F8 /* SystemConfiguration.framework */; };
		27CB051C16CC4E5B0040C9F8 /* libsqlite3.dylib in Frameworks */ = {isa = PBXBuildFile; fileRef = 27CB051B16CC4E5B0040C9F8 /* libsqlite3.dylib */; };
		27CB053916CC4FF60040C9F8 /* bubbleMine.png in Resources */ = {isa = PBXBuildFile; fileRef = 27CB052F16CC4FF60040C9F8 /* bubbleMine.png */; };
		27CB053A16CC4FF60040C9F8 /* bubbleMine@2x.png in Resources */ = {isa = PBXBuildFile; fileRef = 27CB053016CC4FF60040C9F8 /* bubbleMine@2x.png */; };
		27CB053B16CC4FF60040C9F8 /* bubbleSomeone.png in Resources */ = {isa = PBXBuildFile; fileRef = 27CB053116CC4FF60040C9F8 /* bubbleSomeone.png */; };
		27CB053C16CC4FF60040C9F8 /* bubbleSomeone@2x.png in Resources */ = {isa = PBXBuildFile; fileRef = 27CB053216CC4FF60040C9F8 /* bubbleSomeone@2x.png */; };
		27CB053D16CC4FF60040C9F8 /* missingAvatar.png in Resources */ = {isa = PBXBuildFile; fileRef = 27CB053316CC4FF60040C9F8 /* missingAvatar.png */; };
		27CB053E16CC4FF60040C9F8 /* missingAvatar@2x.png in Resources */ = {isa = PBXBuildFile; fileRef = 27CB053416CC4FF60040C9F8 /* missingAvatar@2x.png */; };
		27CB053F16CC4FF60040C9F8 /* typingMine.png in Resources */ = {isa = PBXBuildFile; fileRef = 27CB053516CC4FF60040C9F8 /* typingMine.png */; };
		27CB054016CC4FF60040C9F8 /* typingMine@2x.png in Resources */ = {isa = PBXBuildFile; fileRef = 27CB053616CC4FF60040C9F8 /* typingMine@2x.png */; };
		27CB054116CC4FF60040C9F8 /* typingSomeone.png in Resources */ = {isa = PBXBuildFile; fileRef = 27CB053716CC4FF60040C9F8 /* typingSomeone.png */; };
		27CB054216CC4FF60040C9F8 /* typingSomeone@2x.png in Resources */ = {isa = PBXBuildFile; fileRef = 27CB053816CC4FF60040C9F8 /* typingSomeone@2x.png */; };
		27CB054716CC75400040C9F8 /* Camera.png in Resources */ = {isa = PBXBuildFile; fileRef = 27CB054516CC75400040C9F8 /* Camera.png */; };
		27CB054816CC75400040C9F8 /* double_lined.png in Resources */ = {isa = PBXBuildFile; fileRef = 27CB054616CC75400040C9F8 /* double_lined.png */; };
		27CB054B16CD764B0040C9F8 /* ChatIcon.png in Resources */ = {isa = PBXBuildFile; fileRef = 27CB054916CD764B0040C9F8 /* ChatIcon.png */; };
		27CB054C16CD764B0040C9F8 /* ChatIcon@2x.png in Resources */ = {isa = PBXBuildFile; fileRef = 27CB054A16CD764B0040C9F8 /* ChatIcon@2x.png */; };
		27CB055616CD81700040C9F8 /* BrowserIDController+UIKit.m in Sources */ = {isa = PBXBuildFile; fileRef = 27CB055116CD81700040C9F8 /* BrowserIDController+UIKit.m */; };
		27CB055716CD81700040C9F8 /* BrowserIDController.js in Resources */ = {isa = PBXBuildFile; fileRef = 27CB055316CD81700040C9F8 /* BrowserIDController.js */; };
		27CB055816CD81700040C9F8 /* BrowserIDController.m in Sources */ = {isa = PBXBuildFile; fileRef = 27CB055416CD81700040C9F8 /* BrowserIDController.m */; };
		27CB055B16CD82840040C9F8 /* SyncManager.m in Sources */ = {isa = PBXBuildFile; fileRef = 27CB055A16CD82840040C9F8 /* SyncManager.m */; };
		27CB055E16CD82A30040C9F8 /* LoginController.m in Sources */ = {isa = PBXBuildFile; fileRef = 27CB055D16CD82980040C9F8 /* LoginController.m */; };
		27CB056116CDCBCD0040C9F8 /* CouchbaseLite.framework in Frameworks */ = {isa = PBXBuildFile; fileRef = 27CB056016CDCBCD0040C9F8 /* CouchbaseLite.framework */; };
		27CB056F16CEEB7C0040C9F8 /* UserProfile.m in Sources */ = {isa = PBXBuildFile; fileRef = 27CB056E16CEEB7C0040C9F8 /* UserProfile.m */; };
		27F41BA616E51C3D005572BC /* THBubbleColor.m in Sources */ = {isa = PBXBuildFile; fileRef = 27F41B9716E51C3D005572BC /* THBubbleColor.m */; };
		27F41BA716E51C3D005572BC /* THContactBubble.m in Sources */ = {isa = PBXBuildFile; fileRef = 27F41B9916E51C3D005572BC /* THContactBubble.m */; };
		27F41BA816E51C3D005572BC /* THContactPickerView.m in Sources */ = {isa = PBXBuildFile; fileRef = 27F41B9B16E51C3D005572BC /* THContactPickerView.m */; };
		27F41BA916E51C3D005572BC /* THContactPickerViewController.m in Sources */ = {isa = PBXBuildFile; fileRef = 27F41B9D16E51C3D005572BC /* THContactPickerViewController.m */; };
		27F41BAC16E51CDB005572BC /* QuartzCore.framework in Frameworks */ = {isa = PBXBuildFile; fileRef = 27F41BAB16E51CDA005572BC /* QuartzCore.framework */; };
		27F41BAD16E51CEE005572BC /* CoreGraphics.framework in Frameworks */ = {isa = PBXBuildFile; fileRef = 27CB04DF16CC4B420040C9F8 /* CoreGraphics.framework */; };
		27F41BB016E522CC005572BC /* UserPickerController.m in Sources */ = {isa = PBXBuildFile; fileRef = 27F41BAF16E522CC005572BC /* UserPickerController.m */; };
		27F41BBC16E55A18005572BC /* BTVBubbleData.m in Sources */ = {isa = PBXBuildFile; fileRef = 27F41BB216E55A17005572BC /* BTVBubbleData.m */; };
		27F41BBD16E55A18005572BC /* BTVBubbleHeaderTableViewCell.m in Sources */ = {isa = PBXBuildFile; fileRef = 27F41BB416E55A17005572BC /* BTVBubbleHeaderTableViewCell.m */; };
		27F41BBE16E55A18005572BC /* BTVBubbleTableView.m in Sources */ = {isa = PBXBuildFile; fileRef = 27F41BB616E55A17005572BC /* BTVBubbleTableView.m */; };
		27F41BBF16E55A18005572BC /* BTVBubbleTableViewCell.m in Sources */ = {isa = PBXBuildFile; fileRef = 27F41BB816E55A18005572BC /* BTVBubbleTableViewCell.m */; };
		27F41BC016E55A18005572BC /* BTVBubbleTypingTableViewCell.m in Sources */ = {isa = PBXBuildFile; fileRef = 27F41BBB16E55A18005572BC /* BTVBubbleTypingTableViewCell.m */; };
		27F41BC516E7C05E005572BC /* THContactPickerViewController.xib in Resources */ = {isa = PBXBuildFile; fileRef = 27F41BC416E7C05D005572BC /* THContactPickerViewController.xib */; };
/* End PBXBuildFile section */

/* Begin PBXFileReference section */
		27CB04D816CC4B420040C9F8 /* CouchChat.app */ = {isa = PBXFileReference; explicitFileType = wrapper.application; includeInIndex = 0; path = CouchChat.app; sourceTree = BUILT_PRODUCTS_DIR; };
		27CB04DB16CC4B420040C9F8 /* UIKit.framework */ = {isa = PBXFileReference; lastKnownFileType = wrapper.framework; name = UIKit.framework; path = System/Library/Frameworks/UIKit.framework; sourceTree = SDKROOT; };
		27CB04DD16CC4B420040C9F8 /* Foundation.framework */ = {isa = PBXFileReference; lastKnownFileType = wrapper.framework; name = Foundation.framework; path = System/Library/Frameworks/Foundation.framework; sourceTree = SDKROOT; };
		27CB04DF16CC4B420040C9F8 /* CoreGraphics.framework */ = {isa = PBXFileReference; lastKnownFileType = wrapper.framework; name = CoreGraphics.framework; path = System/Library/Frameworks/CoreGraphics.framework; sourceTree = SDKROOT; };
		27CB04E316CC4B420040C9F8 /* CouchChat-Info.plist */ = {isa = PBXFileReference; lastKnownFileType = text.plist.xml; path = "CouchChat-Info.plist"; sourceTree = "<group>"; };
		27CB04E516CC4B420040C9F8 /* en */ = {isa = PBXFileReference; lastKnownFileType = text.plist.strings; name = en; path = en.lproj/InfoPlist.strings; sourceTree = "<group>"; };
		27CB04E716CC4B420040C9F8 /* main.m */ = {isa = PBXFileReference; lastKnownFileType = sourcecode.c.objc; path = main.m; sourceTree = "<group>"; };
		27CB04E916CC4B420040C9F8 /* CouchChat-Prefix.pch */ = {isa = PBXFileReference; lastKnownFileType = sourcecode.c.h; path = "CouchChat-Prefix.pch"; sourceTree = "<group>"; };
		27CB04EA16CC4B420040C9F8 /* AppDelegate.h */ = {isa = PBXFileReference; lastKnownFileType = sourcecode.c.h; path = AppDelegate.h; sourceTree = "<group>"; };
		27CB04EB16CC4B420040C9F8 /* AppDelegate.m */ = {isa = PBXFileReference; lastKnownFileType = sourcecode.c.objc; path = AppDelegate.m; sourceTree = "<group>"; };
		27CB04ED16CC4B420040C9F8 /* Default.png */ = {isa = PBXFileReference; lastKnownFileType = image.png; path = Default.png; sourceTree = "<group>"; };
		27CB04EF16CC4B420040C9F8 /* Default@2x.png */ = {isa = PBXFileReference; lastKnownFileType = image.png; path = "Default@2x.png"; sourceTree = "<group>"; };
		27CB04F116CC4B420040C9F8 /* Default-568h@2x.png */ = {isa = PBXFileReference; lastKnownFileType = image.png; path = "Default-568h@2x.png"; sourceTree = "<group>"; };
		27CB04F316CC4B420040C9F8 /* ChatListController.h */ = {isa = PBXFileReference; lastKnownFileType = sourcecode.c.h; path = ChatListController.h; sourceTree = "<group>"; };
		27CB04F416CC4B420040C9F8 /* ChatListController.m */ = {isa = PBXFileReference; lastKnownFileType = sourcecode.c.objc; path = ChatListController.m; sourceTree = "<group>"; };
		27CB04F616CC4B420040C9F8 /* ChatController.h */ = {isa = PBXFileReference; lastKnownFileType = sourcecode.c.h; path = ChatController.h; sourceTree = "<group>"; };
		27CB04F716CC4B420040C9F8 /* ChatController.m */ = {isa = PBXFileReference; lastKnownFileType = sourcecode.c.objc; path = ChatController.m; sourceTree = "<group>"; };
		27CB04FA16CC4B420040C9F8 /* en */ = {isa = PBXFileReference; lastKnownFileType = file.xib; name = en; path = en.lproj/ChatListController_iPhone.xib; sourceTree = "<group>"; };
		27CB04FD16CC4B420040C9F8 /* en */ = {isa = PBXFileReference; lastKnownFileType = file.xib; name = en; path = en.lproj/ChatListController_iPad.xib; sourceTree = "<group>"; };
		27CB050016CC4B420040C9F8 /* en */ = {isa = PBXFileReference; lastKnownFileType = file.xib; name = en; path = en.lproj/ChatController_iPhone.xib; sourceTree = "<group>"; };
		27CB050316CC4B420040C9F8 /* en */ = {isa = PBXFileReference; lastKnownFileType = file.xib; name = en; path = en.lproj/ChatController_iPad.xib; sourceTree = "<group>"; };
		27CB050C16CC4C8B0040C9F8 /* ChatStore.h */ = {isa = PBXFileReference; fileEncoding = 4; lastKnownFileType = sourcecode.c.h; path = ChatStore.h; sourceTree = "<group>"; };
		27CB050D16CC4C8B0040C9F8 /* ChatStore.m */ = {isa = PBXFileReference; fileEncoding = 4; lastKnownFileType = sourcecode.c.objc; path = ChatStore.m; sourceTree = "<group>"; };
		27CB050E16CC4C8B0040C9F8 /* ChatRoom.h */ = {isa = PBXFileReference; fileEncoding = 4; lastKnownFileType = sourcecode.c.h; path = ChatRoom.h; sourceTree = "<group>"; };
		27CB050F16CC4C8B0040C9F8 /* ChatRoom.m */ = {isa = PBXFileReference; fileEncoding = 4; lastKnownFileType = sourcecode.c.objc; path = ChatRoom.m; sourceTree = "<group>"; };
		27CB051316CC4E400040C9F8 /* CFNetwork.framework */ = {isa = PBXFileReference; lastKnownFileType = wrapper.framework; name = CFNetwork.framework; path = System/Library/Frameworks/CFNetwork.framework; sourceTree = SDKROOT; };
		27CB051516CC4E460040C9F8 /* Security.framework */ = {isa = PBXFileReference; lastKnownFileType = wrapper.framework; name = Security.framework; path = System/Library/Frameworks/Security.framework; sourceTree = SDKROOT; };
		27CB051716CC4E4C0040C9F8 /* libz.dylib */ = {isa = PBXFileReference; lastKnownFileType = "compiled.mach-o.dylib"; name = libz.dylib; path = usr/lib/libz.dylib; sourceTree = SDKROOT; };
		27CB051916CC4E560040C9F8 /* SystemConfiguration.framework */ = {isa = PBXFileReference; lastKnownFileType = wrapper.framework; name = SystemConfiguration.framework; path = System/Library/Frameworks/SystemConfiguration.framework; sourceTree = SDKROOT; };
		27CB051B16CC4E5B0040C9F8 /* libsqlite3.dylib */ = {isa = PBXFileReference; lastKnownFileType = "compiled.mach-o.dylib"; name = libsqlite3.dylib; path = usr/lib/libsqlite3.dylib; sourceTree = SDKROOT; };
		27CB052F16CC4FF60040C9F8 /* bubbleMine.png */ = {isa = PBXFileReference; lastKnownFileType = image.png; path = bubbleMine.png; sourceTree = "<group>"; };
		27CB053016CC4FF60040C9F8 /* bubbleMine@2x.png */ = {isa = PBXFileReference; lastKnownFileType = image.png; path = "bubbleMine@2x.png"; sourceTree = "<group>"; };
		27CB053116CC4FF60040C9F8 /* bubbleSomeone.png */ = {isa = PBXFileReference; lastKnownFileType = image.png; path = bubbleSomeone.png; sourceTree = "<group>"; };
		27CB053216CC4FF60040C9F8 /* bubbleSomeone@2x.png */ = {isa = PBXFileReference; lastKnownFileType = image.png; path = "bubbleSomeone@2x.png"; sourceTree = "<group>"; };
		27CB053316CC4FF60040C9F8 /* missingAvatar.png */ = {isa = PBXFileReference; lastKnownFileType = image.png; path = missingAvatar.png; sourceTree = "<group>"; };
		27CB053416CC4FF60040C9F8 /* missingAvatar@2x.png */ = {isa = PBXFileReference; lastKnownFileType = image.png; path = "missingAvatar@2x.png"; sourceTree = "<group>"; };
		27CB053516CC4FF60040C9F8 /* typingMine.png */ = {isa = PBXFileReference; lastKnownFileType = image.png; path = typingMine.png; sourceTree = "<group>"; };
		27CB053616CC4FF60040C9F8 /* typingMine@2x.png */ = {isa = PBXFileReference; lastKnownFileType = image.png; path = "typingMine@2x.png"; sourceTree = "<group>"; };
		27CB053716CC4FF60040C9F8 /* typingSomeone.png */ = {isa = PBXFileReference; lastKnownFileType = image.png; path = typingSomeone.png; sourceTree = "<group>"; };
		27CB053816CC4FF60040C9F8 /* typingSomeone@2x.png */ = {isa = PBXFileReference; lastKnownFileType = image.png; path = "typingSomeone@2x.png"; sourceTree = "<group>"; };
		27CB054516CC75400040C9F8 /* Camera.png */ = {isa = PBXFileReference; lastKnownFileType = image.png; path = Camera.png; sourceTree = "<group>"; };
		27CB054616CC75400040C9F8 /* double_lined.png */ = {isa = PBXFileReference; lastKnownFileType = image.png; path = double_lined.png; sourceTree = "<group>"; };
		27CB054916CD764B0040C9F8 /* ChatIcon.png */ = {isa = PBXFileReference; lastKnownFileType = image.png; path = ChatIcon.png; sourceTree = "<group>"; };
		27CB054A16CD764B0040C9F8 /* ChatIcon@2x.png */ = {isa = PBXFileReference; lastKnownFileType = image.png; path = "ChatIcon@2x.png"; sourceTree = "<group>"; };
		27CB055016CD81700040C9F8 /* BrowserIDController+UIKit.h */ = {isa = PBXFileReference; fileEncoding = 4; lastKnownFileType = sourcecode.c.h; path = "BrowserIDController+UIKit.h"; sourceTree = "<group>"; };
		27CB055116CD81700040C9F8 /* BrowserIDController+UIKit.m */ = {isa = PBXFileReference; fileEncoding = 4; lastKnownFileType = sourcecode.c.objc; path = "BrowserIDController+UIKit.m"; sourceTree = "<group>"; };
		27CB055216CD81700040C9F8 /* BrowserIDController.h */ = {isa = PBXFileReference; fileEncoding = 4; lastKnownFileType = sourcecode.c.h; path = BrowserIDController.h; sourceTree = "<group>"; };
		27CB055316CD81700040C9F8 /* BrowserIDController.js */ = {isa = PBXFileReference; fileEncoding = 4; lastKnownFileType = sourcecode.javascript; path = BrowserIDController.js; sourceTree = "<group>"; };
		27CB055416CD81700040C9F8 /* BrowserIDController.m */ = {isa = PBXFileReference; fileEncoding = 4; lastKnownFileType = sourcecode.c.objc; path = BrowserIDController.m; sourceTree = "<group>"; };
		27CB055916CD82840040C9F8 /* SyncManager.h */ = {isa = PBXFileReference; fileEncoding = 4; lastKnownFileType = sourcecode.c.h; path = SyncManager.h; sourceTree = "<group>"; };
		27CB055A16CD82840040C9F8 /* SyncManager.m */ = {isa = PBXFileReference; fileEncoding = 4; lastKnownFileType = sourcecode.c.objc; path = SyncManager.m; sourceTree = "<group>"; };
		27CB055C16CD82980040C9F8 /* LoginController.h */ = {isa = PBXFileReference; lastKnownFileType = sourcecode.c.h; path = LoginController.h; sourceTree = "<group>"; };
		27CB055D16CD82980040C9F8 /* LoginController.m */ = {isa = PBXFileReference; lastKnownFileType = sourcecode.c.objc; path = LoginController.m; sourceTree = "<group>"; };
		27CB056016CDCBCD0040C9F8 /* CouchbaseLite.framework */ = {isa = PBXFileReference; lastKnownFileType = wrapper.framework; name = CouchbaseLite.framework; path = Frameworks/CouchbaseLite.framework; sourceTree = "<group>"; };
		27CB056D16CEEB7C0040C9F8 /* UserProfile.h */ = {isa = PBXFileReference; fileEncoding = 4; lastKnownFileType = sourcecode.c.h; path = UserProfile.h; sourceTree = "<group>"; };
		27CB056E16CEEB7C0040C9F8 /* UserProfile.m */ = {isa = PBXFileReference; fileEncoding = 4; lastKnownFileType = sourcecode.c.objc; path = UserProfile.m; sourceTree = "<group>"; };
		27F41B8816E164E2005572BC /* UserProfile_Private.h */ = {isa = PBXFileReference; fileEncoding = 4; lastKnownFileType = sourcecode.c.h; path = UserProfile_Private.h; sourceTree = "<group>"; };
		27F41B9616E51C3D005572BC /* THBubbleColor.h */ = {isa = PBXFileReference; fileEncoding = 4; lastKnownFileType = sourcecode.c.h; path = THBubbleColor.h; sourceTree = "<group>"; };
		27F41B9716E51C3D005572BC /* THBubbleColor.m */ = {isa = PBXFileReference; fileEncoding = 4; lastKnownFileType = sourcecode.c.objc; path = THBubbleColor.m; sourceTree = "<group>"; };
		27F41B9816E51C3D005572BC /* THContactBubble.h */ = {isa = PBXFileReference; fileEncoding = 4; lastKnownFileType = sourcecode.c.h; path = THContactBubble.h; sourceTree = "<group>"; };
		27F41B9916E51C3D005572BC /* THContactBubble.m */ = {isa = PBXFileReference; fileEncoding = 4; lastKnownFileType = sourcecode.c.objc; path = THContactBubble.m; sourceTree = "<group>"; };
		27F41B9A16E51C3D005572BC /* THContactPickerView.h */ = {isa = PBXFileReference; fileEncoding = 4; lastKnownFileType = sourcecode.c.h; path = THContactPickerView.h; sourceTree = "<group>"; };
		27F41B9B16E51C3D005572BC /* THContactPickerView.m */ = {isa = PBXFileReference; fileEncoding = 4; lastKnownFileType = sourcecode.c.objc; path = THContactPickerView.m; sourceTree = "<group>"; };
		27F41B9C16E51C3D005572BC /* THContactPickerViewController.h */ = {isa = PBXFileReference; fileEncoding = 4; lastKnownFileType = sourcecode.c.h; path = THContactPickerViewController.h; sourceTree = "<group>"; };
		27F41B9D16E51C3D005572BC /* THContactPickerViewController.m */ = {isa = PBXFileReference; fileEncoding = 4; lastKnownFileType = sourcecode.c.objc; path = THContactPickerViewController.m; sourceTree = "<group>"; };
		27F41BAB16E51CDA005572BC /* QuartzCore.framework */ = {isa = PBXFileReference; lastKnownFileType = wrapper.framework; name = QuartzCore.framework; path = System/Library/Frameworks/QuartzCore.framework; sourceTree = SDKROOT; };
		27F41BAE16E522CC005572BC /* UserPickerController.h */ = {isa = PBXFileReference; fileEncoding = 4; lastKnownFileType = sourcecode.c.h; path = UserPickerController.h; sourceTree = "<group>"; };
		27F41BAF16E522CC005572BC /* UserPickerController.m */ = {isa = PBXFileReference; fileEncoding = 4; lastKnownFileType = sourcecode.c.objc; path = UserPickerController.m; sourceTree = "<group>"; };
		27F41BB116E55A17005572BC /* BTVBubbleData.h */ = {isa = PBXFileReference; fileEncoding = 4; lastKnownFileType = sourcecode.c.h; path = BTVBubbleData.h; sourceTree = "<group>"; };
		27F41BB216E55A17005572BC /* BTVBubbleData.m */ = {isa = PBXFileReference; fileEncoding = 4; lastKnownFileType = sourcecode.c.objc; path = BTVBubbleData.m; sourceTree = "<group>"; };
		27F41BB316E55A17005572BC /* BTVBubbleHeaderTableViewCell.h */ = {isa = PBXFileReference; fileEncoding = 4; lastKnownFileType = sourcecode.c.h; path = BTVBubbleHeaderTableViewCell.h; sourceTree = "<group>"; };
		27F41BB416E55A17005572BC /* BTVBubbleHeaderTableViewCell.m */ = {isa = PBXFileReference; fileEncoding = 4; lastKnownFileType = sourcecode.c.objc; path = BTVBubbleHeaderTableViewCell.m; sourceTree = "<group>"; };
		27F41BB516E55A17005572BC /* BTVBubbleTableView.h */ = {isa = PBXFileReference; fileEncoding = 4; lastKnownFileType = sourcecode.c.h; path = BTVBubbleTableView.h; sourceTree = "<group>"; };
		27F41BB616E55A17005572BC /* BTVBubbleTableView.m */ = {isa = PBXFileReference; fileEncoding = 4; lastKnownFileType = sourcecode.c.objc; path = BTVBubbleTableView.m; sourceTree = "<group>"; };
		27F41BB716E55A18005572BC /* BTVBubbleTableViewCell.h */ = {isa = PBXFileReference; fileEncoding = 4; lastKnownFileType = sourcecode.c.h; path = BTVBubbleTableViewCell.h; sourceTree = "<group>"; };
		27F41BB816E55A18005572BC /* BTVBubbleTableViewCell.m */ = {isa = PBXFileReference; fileEncoding = 4; lastKnownFileType = sourcecode.c.objc; path = BTVBubbleTableViewCell.m; sourceTree = "<group>"; };
		27F41BB916E55A18005572BC /* BTVBubbleTableViewDataSource.h */ = {isa = PBXFileReference; fileEncoding = 4; lastKnownFileType = sourcecode.c.h; path = BTVBubbleTableViewDataSource.h; sourceTree = "<group>"; };
		27F41BBA16E55A18005572BC /* BTVBubbleTypingTableViewCell.h */ = {isa = PBXFileReference; fileEncoding = 4; lastKnownFileType = sourcecode.c.h; path = BTVBubbleTypingTableViewCell.h; sourceTree = "<group>"; };
		27F41BBB16E55A18005572BC /* BTVBubbleTypingTableViewCell.m */ = {isa = PBXFileReference; fileEncoding = 4; lastKnownFileType = sourcecode.c.objc; path = BTVBubbleTypingTableViewCell.m; sourceTree = "<group>"; };
		27F41BC416E7C05D005572BC /* THContactPickerViewController.xib */ = {isa = PBXFileReference; fileEncoding = 4; lastKnownFileType = file.xib; path = THContactPickerViewController.xib; sourceTree = "<group>"; };
/* End PBXFileReference section */

/* Begin PBXFrameworksBuildPhase section */
		27CB04D516CC4B420040C9F8 /* Frameworks */ = {
			isa = PBXFrameworksBuildPhase;
			buildActionMask = 2147483647;
			files = (
				27CB056116CDCBCD0040C9F8 /* CouchbaseLite.framework in Frameworks */,
				27CB051C16CC4E5B0040C9F8 /* libsqlite3.dylib in Frameworks */,
				27CB051816CC4E4C0040C9F8 /* libz.dylib in Frameworks */,
				27CB051416CC4E400040C9F8 /* CFNetwork.framework in Frameworks */,
				27CB051616CC4E460040C9F8 /* Security.framework in Frameworks */,
				27CB051A16CC4E560040C9F8 /* SystemConfiguration.framework in Frameworks */,
				27F41BAC16E51CDB005572BC /* QuartzCore.framework in Frameworks */,
				27F41BAD16E51CEE005572BC /* CoreGraphics.framework in Frameworks */,
				27CB04DC16CC4B420040C9F8 /* UIKit.framework in Frameworks */,
				27CB04DE16CC4B420040C9F8 /* Foundation.framework in Frameworks */,
			);
			runOnlyForDeploymentPostprocessing = 0;
		};
/* End PBXFrameworksBuildPhase section */

/* Begin PBXGroup section */
		27CB04CF16CC4B420040C9F8 = {
			isa = PBXGroup;
			children = (
				27F41BAB16E51CDA005572BC /* QuartzCore.framework */,
				27CB04E116CC4B420040C9F8 /* CouchChat */,
				27CB055F16CD82AF0040C9F8 /* Sync UI */,
				27CB051216CC4C900040C9F8 /* Model */,
				27F41B8916E51B90005572BC /* vendor */,
				27CB054316CC74D10040C9F8 /* Resources */,
				27CB04DA16CC4B420040C9F8 /* Frameworks */,
				27CB04D916CC4B420040C9F8 /* Products */,
			);
			sourceTree = "<group>";
		};
		27CB04D916CC4B420040C9F8 /* Products */ = {
			isa = PBXGroup;
			children = (
				27CB04D816CC4B420040C9F8 /* CouchChat.app */,
			);
			name = Products;
			sourceTree = "<group>";
		};
		27CB04DA16CC4B420040C9F8 /* Frameworks */ = {
			isa = PBXGroup;
			children = (
				27CB056016CDCBCD0040C9F8 /* CouchbaseLite.framework */,
				27CB051B16CC4E5B0040C9F8 /* libsqlite3.dylib */,
				27CB051916CC4E560040C9F8 /* SystemConfiguration.framework */,
				27CB051716CC4E4C0040C9F8 /* libz.dylib */,
				27CB051516CC4E460040C9F8 /* Security.framework */,
				27CB051316CC4E400040C9F8 /* CFNetwork.framework */,
				27CB04DB16CC4B420040C9F8 /* UIKit.framework */,
				27CB04DD16CC4B420040C9F8 /* Foundation.framework */,
				27CB04DF16CC4B420040C9F8 /* CoreGraphics.framework */,
			);
			name = Frameworks;
			sourceTree = "<group>";
		};
		27CB04E116CC4B420040C9F8 /* CouchChat */ = {
			isa = PBXGroup;
			children = (
				27CB04EA16CC4B420040C9F8 /* AppDelegate.h */,
				27CB04EB16CC4B420040C9F8 /* AppDelegate.m */,
				27CB04F316CC4B420040C9F8 /* ChatListController.h */,
				27CB04F416CC4B420040C9F8 /* ChatListController.m */,
				27CB04F616CC4B420040C9F8 /* ChatController.h */,
				27CB04F716CC4B420040C9F8 /* ChatController.m */,
				27F41BAE16E522CC005572BC /* UserPickerController.h */,
				27F41BAF16E522CC005572BC /* UserPickerController.m */,
				27CB04F916CC4B420040C9F8 /* ChatListController_iPhone.xib */,
				27CB04FC16CC4B420040C9F8 /* ChatListController_iPad.xib */,
				27CB04FF16CC4B420040C9F8 /* ChatController_iPhone.xib */,
				27CB050216CC4B420040C9F8 /* ChatController_iPad.xib */,
				27CB04E216CC4B420040C9F8 /* Supporting Files */,
			);
			path = CouchChat;
			sourceTree = "<group>";
		};
		27CB04E216CC4B420040C9F8 /* Supporting Files */ = {
			isa = PBXGroup;
			children = (
				27CB04E316CC4B420040C9F8 /* CouchChat-Info.plist */,
				27CB04E416CC4B420040C9F8 /* InfoPlist.strings */,
				27CB04E716CC4B420040C9F8 /* main.m */,
				27CB04E916CC4B420040C9F8 /* CouchChat-Prefix.pch */,
				27CB04ED16CC4B420040C9F8 /* Default.png */,
				27CB04EF16CC4B420040C9F8 /* Default@2x.png */,
				27CB04F116CC4B420040C9F8 /* Default-568h@2x.png */,
			);
			name = "Supporting Files";
			sourceTree = "<group>";
		};
		27CB051216CC4C900040C9F8 /* Model */ = {
			isa = PBXGroup;
			children = (
				27CB050C16CC4C8B0040C9F8 /* ChatStore.h */,
				27CB050D16CC4C8B0040C9F8 /* ChatStore.m */,
				27CB050E16CC4C8B0040C9F8 /* ChatRoom.h */,
				27CB050F16CC4C8B0040C9F8 /* ChatRoom.m */,
				27CB056D16CEEB7C0040C9F8 /* UserProfile.h */,
				27F41B8816E164E2005572BC /* UserProfile_Private.h */,
				27CB056E16CEEB7C0040C9F8 /* UserProfile.m */,
			);
			name = Model;
			path = CouchChat;
			sourceTree = "<group>";
		};
		27CB051D16CC4FDE0040C9F8 /* UIBubbleTableView */ = {
			isa = PBXGroup;
			children = (
				27F41BB116E55A17005572BC /* BTVBubbleData.h */,
				27F41BB216E55A17005572BC /* BTVBubbleData.m */,
				27F41BB316E55A17005572BC /* BTVBubbleHeaderTableViewCell.h */,
				27F41BB416E55A17005572BC /* BTVBubbleHeaderTableViewCell.m */,
				27F41BB516E55A17005572BC /* BTVBubbleTableView.h */,
				27F41BB616E55A17005572BC /* BTVBubbleTableView.m */,
				27F41BB716E55A18005572BC /* BTVBubbleTableViewCell.h */,
				27F41BB816E55A18005572BC /* BTVBubbleTableViewCell.m */,
				27F41BB916E55A18005572BC /* BTVBubbleTableViewDataSource.h */,
				27F41BBA16E55A18005572BC /* BTVBubbleTypingTableViewCell.h */,
				27F41BBB16E55A18005572BC /* BTVBubbleTypingTableViewCell.m */,
				27CB052E16CC4FF60040C9F8 /* images */,
			);
			name = UIBubbleTableView;
			path = UIBubbleTableView/src;
			sourceTree = "<group>";
		};
		27CB052E16CC4FF60040C9F8 /* images */ = {
			isa = PBXGroup;
			children = (
				27CB052F16CC4FF60040C9F8 /* bubbleMine.png */,
				27CB053016CC4FF60040C9F8 /* bubbleMine@2x.png */,
				27CB053116CC4FF60040C9F8 /* bubbleSomeone.png */,
				27CB053216CC4FF60040C9F8 /* bubbleSomeone@2x.png */,
				27CB053316CC4FF60040C9F8 /* missingAvatar.png */,
				27CB053416CC4FF60040C9F8 /* missingAvatar@2x.png */,
				27CB053516CC4FF60040C9F8 /* typingMine.png */,
				27CB053616CC4FF60040C9F8 /* typingMine@2x.png */,
				27CB053716CC4FF60040C9F8 /* typingSomeone.png */,
				27CB053816CC4FF60040C9F8 /* typingSomeone@2x.png */,
			);
			name = images;
			path = vendor/UIBubbleTableView/images;
			sourceTree = SOURCE_ROOT;
		};
		27CB054316CC74D10040C9F8 /* Resources */ = {
			isa = PBXGroup;
			children = (
				27CB054916CD764B0040C9F8 /* ChatIcon.png */,
				27CB054A16CD764B0040C9F8 /* ChatIcon@2x.png */,
				27CB054516CC75400040C9F8 /* Camera.png */,
				27CB054616CC75400040C9F8 /* double_lined.png */,
			);
			path = Resources;
			sourceTree = "<group>";
		};
		27CB054D16CD81700040C9F8 /* BrowserID */ = {
			isa = PBXGroup;
			children = (
				27CB055016CD81700040C9F8 /* BrowserIDController+UIKit.h */,
				27CB055116CD81700040C9F8 /* BrowserIDController+UIKit.m */,
				27CB055216CD81700040C9F8 /* BrowserIDController.h */,
				27CB055316CD81700040C9F8 /* BrowserIDController.js */,
				27CB055416CD81700040C9F8 /* BrowserIDController.m */,
			);
			name = BrowserID;
			path = browserid/Sources;
			sourceTree = "<group>";
		};
		27CB055F16CD82AF0040C9F8 /* Sync UI */ = {
			isa = PBXGroup;
			children = (
				27CB055916CD82840040C9F8 /* SyncManager.h */,
				27CB055A16CD82840040C9F8 /* SyncManager.m */,
				27CB055C16CD82980040C9F8 /* LoginController.h */,
				27CB055D16CD82980040C9F8 /* LoginController.m */,
			);
			name = "Sync UI";
			path = CouchChat;
			sourceTree = "<group>";
		};
		27F41B8916E51B90005572BC /* vendor */ = {
			isa = PBXGroup;
			children = (
				27CB054D16CD81700040C9F8 /* BrowserID */,
				27CB051D16CC4FDE0040C9F8 /* UIBubbleTableView */,
				27F41B8B16E51C3D005572BC /* THContactPicker */,
			);
			path = vendor;
			sourceTree = "<group>";
		};
		27F41B8B16E51C3D005572BC /* THContactPicker */ = {
			isa = PBXGroup;
			children = (
				27F41B9616E51C3D005572BC /* THBubbleColor.h */,
				27F41B9716E51C3D005572BC /* THBubbleColor.m */,
				27F41B9816E51C3D005572BC /* THContactBubble.h */,
				27F41B9916E51C3D005572BC /* THContactBubble.m */,
				27F41B9A16E51C3D005572BC /* THContactPickerView.h */,
				27F41B9B16E51C3D005572BC /* THContactPickerView.m */,
				27F41B9C16E51C3D005572BC /* THContactPickerViewController.h */,
				27F41B9D16E51C3D005572BC /* THContactPickerViewController.m */,
				27F41BC416E7C05D005572BC /* THContactPickerViewController.xib */,
			);
			name = THContactPicker;
			path = THContactPicker/ContactPicker;
			sourceTree = "<group>";
		};
/* End PBXGroup section */

/* Begin PBXNativeTarget section */
		27CB04D716CC4B420040C9F8 /* CouchChat */ = {
			isa = PBXNativeTarget;
			buildConfigurationList = 27CB050716CC4B420040C9F8 /* Build configuration list for PBXNativeTarget "CouchChat" */;
			buildPhases = (
				27CB04D416CC4B420040C9F8 /* Sources */,
				27CB04D516CC4B420040C9F8 /* Frameworks */,
				27CB04D616CC4B420040C9F8 /* Resources */,
			);
			buildRules = (
			);
			dependencies = (
			);
			name = CouchChat;
			productName = CouchChat;
			productReference = 27CB04D816CC4B420040C9F8 /* CouchChat.app */;
			productType = "com.apple.product-type.application";
		};
/* End PBXNativeTarget section */

/* Begin PBXProject section */
		27CB04D016CC4B420040C9F8 /* Project object */ = {
			isa = PBXProject;
			attributes = {
				LastUpgradeCheck = 0460;
				ORGANIZATIONNAME = Couchbase;
			};
			buildConfigurationList = 27CB04D316CC4B420040C9F8 /* Build configuration list for PBXProject "CouchChat" */;
			compatibilityVersion = "Xcode 3.2";
			developmentRegion = English;
			hasScannedForEncodings = 0;
			knownRegions = (
				en,
			);
			mainGroup = 27CB04CF16CC4B420040C9F8;
			productRefGroup = 27CB04D916CC4B420040C9F8 /* Products */;
			projectDirPath = "";
			projectRoot = "";
			targets = (
				27CB04D716CC4B420040C9F8 /* CouchChat */,
			);
		};
/* End PBXProject section */

/* Begin PBXResourcesBuildPhase section */
		27CB04D616CC4B420040C9F8 /* Resources */ = {
			isa = PBXResourcesBuildPhase;
			buildActionMask = 2147483647;
			files = (
				27CB04E616CC4B420040C9F8 /* InfoPlist.strings in Resources */,
				27CB04EE16CC4B420040C9F8 /* Default.png in Resources */,
				27CB04F016CC4B420040C9F8 /* Default@2x.png in Resources */,
				27CB04F216CC4B420040C9F8 /* Default-568h@2x.png in Resources */,
				27CB04FB16CC4B420040C9F8 /* ChatListController_iPhone.xib in Resources */,
				27CB04FE16CC4B420040C9F8 /* ChatListController_iPad.xib in Resources */,
				27CB050116CC4B420040C9F8 /* ChatController_iPhone.xib in Resources */,
				27CB050416CC4B420040C9F8 /* ChatController_iPad.xib in Resources */,
				27CB055716CD81700040C9F8 /* BrowserIDController.js in Resources */,
				27CB053916CC4FF60040C9F8 /* bubbleMine.png in Resources */,
				27CB053A16CC4FF60040C9F8 /* bubbleMine@2x.png in Resources */,
				27CB053B16CC4FF60040C9F8 /* bubbleSomeone.png in Resources */,
				27CB053C16CC4FF60040C9F8 /* bubbleSomeone@2x.png in Resources */,
				27CB053D16CC4FF60040C9F8 /* missingAvatar.png in Resources */,
				27CB053E16CC4FF60040C9F8 /* missingAvatar@2x.png in Resources */,
				27CB053F16CC4FF60040C9F8 /* typingMine.png in Resources */,
				27CB054016CC4FF60040C9F8 /* typingMine@2x.png in Resources */,
				27CB054116CC4FF60040C9F8 /* typingSomeone.png in Resources */,
				27CB054216CC4FF60040C9F8 /* typingSomeone@2x.png in Resources */,
				27CB054716CC75400040C9F8 /* Camera.png in Resources */,
				27CB054816CC75400040C9F8 /* double_lined.png in Resources */,
				27CB054B16CD764B0040C9F8 /* ChatIcon.png in Resources */,
				27CB054C16CD764B0040C9F8 /* ChatIcon@2x.png in Resources */,
				27F41BC516E7C05E005572BC /* THContactPickerViewController.xib in Resources */,
			);
			runOnlyForDeploymentPostprocessing = 0;
		};
/* End PBXResourcesBuildPhase section */

/* Begin PBXSourcesBuildPhase section */
		27CB04D416CC4B420040C9F8 /* Sources */ = {
			isa = PBXSourcesBuildPhase;
			buildActionMask = 2147483647;
			files = (
				27CB04E816CC4B420040C9F8 /* main.m in Sources */,
				27CB04EC16CC4B420040C9F8 /* AppDelegate.m in Sources */,
				27CB04F516CC4B420040C9F8 /* ChatListController.m in Sources */,
				27CB04F816CC4B420040C9F8 /* ChatController.m in Sources */,
				27CB051016CC4C8B0040C9F8 /* ChatStore.m in Sources */,
				27CB051116CC4C8B0040C9F8 /* ChatRoom.m in Sources */,
				27CB055616CD81700040C9F8 /* BrowserIDController+UIKit.m in Sources */,
				27CB055816CD81700040C9F8 /* BrowserIDController.m in Sources */,
				27CB055B16CD82840040C9F8 /* SyncManager.m in Sources */,
				27CB055E16CD82A30040C9F8 /* LoginController.m in Sources */,
				27CB056F16CEEB7C0040C9F8 /* UserProfile.m in Sources */,
				27F41BA616E51C3D005572BC /* THBubbleColor.m in Sources */,
				27F41BA716E51C3D005572BC /* THContactBubble.m in Sources */,
				27F41BA816E51C3D005572BC /* THContactPickerView.m in Sources */,
				27F41BA916E51C3D005572BC /* THContactPickerViewController.m in Sources */,
				27F41BB016E522CC005572BC /* UserPickerController.m in Sources */,
				27F41BBC16E55A18005572BC /* BTVBubbleData.m in Sources */,
				27F41BBD16E55A18005572BC /* BTVBubbleHeaderTableViewCell.m in Sources */,
				27F41BBE16E55A18005572BC /* BTVBubbleTableView.m in Sources */,
				27F41BBF16E55A18005572BC /* BTVBubbleTableViewCell.m in Sources */,
				27F41BC016E55A18005572BC /* BTVBubbleTypingTableViewCell.m in Sources */,
			);
			runOnlyForDeploymentPostprocessing = 0;
		};
/* End PBXSourcesBuildPhase section */

/* Begin PBXVariantGroup section */
		27CB04E416CC4B420040C9F8 /* InfoPlist.strings */ = {
			isa = PBXVariantGroup;
			children = (
				27CB04E516CC4B420040C9F8 /* en */,
			);
			name = InfoPlist.strings;
			sourceTree = "<group>";
		};
		27CB04F916CC4B420040C9F8 /* ChatListController_iPhone.xib */ = {
			isa = PBXVariantGroup;
			children = (
				27CB04FA16CC4B420040C9F8 /* en */,
			);
			name = ChatListController_iPhone.xib;
			sourceTree = "<group>";
		};
		27CB04FC16CC4B420040C9F8 /* ChatListController_iPad.xib */ = {
			isa = PBXVariantGroup;
			children = (
				27CB04FD16CC4B420040C9F8 /* en */,
			);
			name = ChatListController_iPad.xib;
			sourceTree = "<group>";
		};
		27CB04FF16CC4B420040C9F8 /* ChatController_iPhone.xib */ = {
			isa = PBXVariantGroup;
			children = (
				27CB050016CC4B420040C9F8 /* en */,
			);
			name = ChatController_iPhone.xib;
			sourceTree = "<group>";
		};
		27CB050216CC4B420040C9F8 /* ChatController_iPad.xib */ = {
			isa = PBXVariantGroup;
			children = (
				27CB050316CC4B420040C9F8 /* en */,
			);
			name = ChatController_iPad.xib;
			sourceTree = "<group>";
		};
/* End PBXVariantGroup section */

/* Begin XCBuildConfiguration section */
		27CB050516CC4B420040C9F8 /* Debug */ = {
			isa = XCBuildConfiguration;
			buildSettings = {
				ALWAYS_SEARCH_USER_PATHS = NO;
				CLANG_CXX_LANGUAGE_STANDARD = "gnu++0x";
				CLANG_CXX_LIBRARY = "libc++";
				CLANG_ENABLE_OBJC_ARC = YES;
				CLANG_WARN_CONSTANT_CONVERSION = YES;
				CLANG_WARN_EMPTY_BODY = YES;
				CLANG_WARN_ENUM_CONVERSION = YES;
				CLANG_WARN_INT_CONVERSION = YES;
				CLANG_WARN__DUPLICATE_METHOD_MATCH = YES;
				"CODE_SIGN_IDENTITY[sdk=iphoneos*]" = "iPhone Developer";
				COPY_PHASE_STRIP = NO;
				GCC_C_LANGUAGE_STANDARD = gnu99;
				GCC_DYNAMIC_NO_PIC = NO;
				GCC_OPTIMIZATION_LEVEL = 0;
				GCC_PREPROCESSOR_DEFINITIONS = (
					"DEBUG=1",
					"$(inherited)",
				);
				GCC_SYMBOLS_PRIVATE_EXTERN = NO;
				GCC_TREAT_WARNINGS_AS_ERRORS = YES;
				GCC_WARN_ABOUT_RETURN_TYPE = YES;
				GCC_WARN_UNDECLARED_SELECTOR = YES;
				GCC_WARN_UNINITIALIZED_AUTOS = YES;
				GCC_WARN_UNUSED_VARIABLE = YES;
				IPHONEOS_DEPLOYMENT_TARGET = 6.1;
				ONLY_ACTIVE_ARCH = YES;
				SDKROOT = iphoneos;
				TARGETED_DEVICE_FAMILY = "1,2";
				WARNING_CFLAGS = "-Wall";
			};
			name = Debug;
		};
		27CB050616CC4B420040C9F8 /* Release */ = {
			isa = XCBuildConfiguration;
			buildSettings = {
				ALWAYS_SEARCH_USER_PATHS = NO;
				CLANG_CXX_LANGUAGE_STANDARD = "gnu++0x";
				CLANG_CXX_LIBRARY = "libc++";
				CLANG_ENABLE_OBJC_ARC = YES;
				CLANG_WARN_CONSTANT_CONVERSION = YES;
				CLANG_WARN_EMPTY_BODY = YES;
				CLANG_WARN_ENUM_CONVERSION = YES;
				CLANG_WARN_INT_CONVERSION = YES;
				CLANG_WARN__DUPLICATE_METHOD_MATCH = YES;
				"CODE_SIGN_IDENTITY[sdk=iphoneos*]" = "iPhone Developer";
				COPY_PHASE_STRIP = YES;
				GCC_C_LANGUAGE_STANDARD = gnu99;
				GCC_TREAT_WARNINGS_AS_ERRORS = YES;
				GCC_WARN_ABOUT_RETURN_TYPE = YES;
				GCC_WARN_UNDECLARED_SELECTOR = YES;
				GCC_WARN_UNINITIALIZED_AUTOS = YES;
				GCC_WARN_UNUSED_VARIABLE = YES;
				IPHONEOS_DEPLOYMENT_TARGET = 6.1;
				OTHER_CFLAGS = "-DNS_BLOCK_ASSERTIONS=1";
				SDKROOT = iphoneos;
				TARGETED_DEVICE_FAMILY = "1,2";
				VALIDATE_PRODUCT = YES;
				WARNING_CFLAGS = "-Wall";
			};
			name = Release;
		};
		27CB050816CC4B420040C9F8 /* Debug */ = {
			isa = XCBuildConfiguration;
			buildSettings = {
				FRAMEWORK_SEARCH_PATHS = (
					"$(inherited)",
					"\"$(SRCROOT)\"",
					"\"$(SRCROOT)/Frameworks\"",
				);
				GCC_PRECOMPILE_PREFIX_HEADER = YES;
				GCC_PREFIX_HEADER = "CouchChat/CouchChat-Prefix.pch";
				INFOPLIST_FILE = "CouchChat/CouchChat-Info.plist";
				IPHONEOS_DEPLOYMENT_TARGET = 6.0;
				OTHER_LDFLAGS = "-ObjC";
				PRODUCT_NAME = "$(TARGET_NAME)";
				TARGETED_DEVICE_FAMILY = 1;
				WRAPPER_EXTENSION = app;
			};
			name = Debug;
		};
		27CB050916CC4B420040C9F8 /* Release */ = {
			isa = XCBuildConfiguration;
			buildSettings = {
				FRAMEWORK_SEARCH_PATHS = (
					"$(inherited)",
					"\"$(SRCROOT)\"",
					"\"$(SRCROOT)/Frameworks\"",
				);
				GCC_PRECOMPILE_PREFIX_HEADER = YES;
				GCC_PREFIX_HEADER = "CouchChat/CouchChat-Prefix.pch";
				INFOPLIST_FILE = "CouchChat/CouchChat-Info.plist";
				IPHONEOS_DEPLOYMENT_TARGET = 6.0;
				OTHER_LDFLAGS = "-ObjC";
				PRODUCT_NAME = "$(TARGET_NAME)";
				TARGETED_DEVICE_FAMILY = 1;
				WRAPPER_EXTENSION = app;
			};
			name = Release;
		};
/* End XCBuildConfiguration section */

/* Begin XCConfigurationList section */
		27CB04D316CC4B420040C9F8 /* Build configuration list for PBXProject "CouchChat" */ = {
			isa = XCConfigurationList;
			buildConfigurations = (
				27CB050516CC4B420040C9F8 /* Debug */,
				27CB050616CC4B420040C9F8 /* Release */,
			);
			defaultConfigurationIsVisible = 0;
			defaultConfigurationName = Release;
		};
		27CB050716CC4B420040C9F8 /* Build configuration list for PBXNativeTarget "CouchChat" */ = {
			isa = XCConfigurationList;
			buildConfigurations = (
				27CB050816CC4B420040C9F8 /* Debug */,
				27CB050916CC4B420040C9F8 /* Release */,
			);
			defaultConfigurationIsVisible = 0;
			defaultConfigurationName = Release;
		};
/* End XCConfigurationList section */
	};
	rootObject = 27CB04D016CC4B420040C9F8 /* Project object */;
}
